dependencies:
- name: agentgateway
  repository: oci://cr.agentgateway.dev/charts
  version: v2.2.0-beta.4
- name: bmg-agent
  repository: file://./charts/bmg-agent
  version: 0.1.0
- name: bmg-ui
  repository: file://./charts/bmg-ui
  version: 0.1.0
- name: mcp-hubspot
  repository: file://./charts/mcp-hubspot
  version: 0.1.0
- name: mcp-mssql
  repository: file://./charts/mcp-mssql
  version: 0.1.0
- name: mcpagentcontrolplane
  repository: file://./charts/mcpagentcontrolplane
  version: 0.1.0
digest: sha256:513780e845423856435b5377e57647bd2b3d374ebe63d4c23e641d0107741d80
generated: "2026-01-09T17:39:00.590988968+05:45"
